
Microsoft Visual Studio Solution File, Format Version 12.00
# Visual Studio Version 17
VisualStudioVersion = 17.5.33414.496
MinimumVisualStudioVersion = 10.0.40219.1
Project("{9A19103F-16F7-4668-BE54-9A1E7A4F7556}") = "Core_Proje_Enes", "Core_Proje\Core_Proje_Enes.csproj", "{2016052B-3C32-42B9-BED2-7C3A62822BD9}"
EndProject
Project("{9A19103F-16F7-4668-BE54-9A1E7A4F7556}") = "EntityLayer", "EntityLayer\EntityLayer.csproj", "{DC2DF1EB-1C5F-4F33-8EE5-CA336B7F5FDE}"
EndProject
Project("{9A19103F-16F7-4668-BE54-9A1E7A4F7556}") = "DataAccessLayer", "DataAccessLayer\DataAccessLayer.csproj", "{8E040370-5A81-42AD-800C-29348E36EE8F}"
EndProject
Project("{9A19103F-16F7-4668-BE54-9A1E7A4F7556}") = "BusinessLayer", "BusinessLayer\BusinessLayer.csproj", "{6A004713-39C9-403F-A60C-E490FA57DEEA}"
EndProject
Project("{FAE04EC0-301F-11D3-BF4B-00C04F79EFBC}") = "Core_Proje_Enes_Api", "Core_Proje_Enes_Api\Core_Proje_Enes_Api.csproj", "{A9BA8875-D6E2-4CD0-87F7-0A71034BE226}"
EndProject
Global
	GlobalSection(SolutionConfigurationPlatforms) = preSolution
		Debug|Any CPU = Debug|Any CPU
		Release|Any CPU = Release|Any CPU
	EndGlobalSection
	GlobalSection(ProjectConfigurationPlatforms) = postSolution
		{2016052B-3C32-42B9-BED2-7C3A62822BD9}.Debug|Any CPU.ActiveCfg = Debug|Any CPU
		{2016052B-3C32-42B9-BED2-7C3A62822BD9}.Debug|Any CPU.Build.0 = Debug|Any CPU
		{2016052B-3C32-42B9-BED2-7C3A62822BD9}.Release|Any CPU.ActiveCfg = Release|Any CPU
		{2016052B-3C32-42B9-BED2-7C3A62822BD9}.Release|Any CPU.Build.0 = Release|Any CPU
		{DC2DF1EB-1C5F-4F33-8EE5-CA336B7F5FDE}.Debug|Any CPU.ActiveCfg = Debug|Any CPU
		{DC2DF1EB-1C5F-4F33-8EE5-CA336B7F5FDE}.Debug|Any CPU.Build.0 = Debug|Any CPU
		{DC2DF1EB-1C5F-4F33-8EE5-CA336B7F5FDE}.Release|Any CPU.ActiveCfg = Release|Any CPU
		{DC2DF1EB-1C5F-4F33-8EE5-CA336B7F5FDE}.Release|Any CPU.Build.0 = Release|Any CPU
		{8E040370-5A81-42AD-800C-29348E36EE8F}.Debug|Any CPU.ActiveCfg = Debug|Any CPU
		{8E040370-5A81-42AD-800C-29348E36EE8F}.Debug|Any CPU.Build.0 = Debug|Any CPU
		{8E040370-5A81-42AD-800C-29348E36EE8F}.Release|Any CPU.ActiveCfg = Release|Any CPU
		{8E040370-5A81-42AD-800C-29348E36EE8F}.Release|Any CPU.Build.0 = Release|Any CPU
		{6A004713-39C9-403F-A60C-E490FA57DEEA}.Debug|Any CPU.ActiveCfg = Debug|Any CPU
		{6A004713-39C9-403F-A60C-E490FA57DEEA}.Debug|Any CPU.Build.0 = Debug|Any CPU
		{6A004713-39C9-403F-A60C-E490FA57DEEA}.Release|Any CPU.ActiveCfg = Release|Any CPU
		{6A004713-39C9-403F-A60C-E490FA57DEEA}.Release|Any CPU.Build.0 = Release|Any CPU
		{A9BA8875-D6E2-4CD0-87F7-0A71034BE226}.Debug|Any CPU.ActiveCfg = Debug|Any CPU
		{A9BA8875-D6E2-4CD0-87F7-0A71034BE226}.Debug|Any CPU.Build.0 = Debug|Any CPU
		{A9BA8875-D6E2-4CD0-87F7-0A71034BE226}.Release|Any CPU.ActiveCfg = Release|Any CPU
		{A9BA8875-D6E2-4CD0-87F7-0A71034BE226}.Release|Any CPU.Build.0 = Release|Any CPU
	EndGlobalSection
	GlobalSection(SolutionProperties) = preSolution
		HideSolutionNode = FALSE
	EndGlobalSection
	GlobalSection(ExtensibilityGlobals) = postSolution
		SolutionGuid = {D6D84471-39D4-4BA9-B939-70EFD55C2A3B}
	EndGlobalSection
EndGlobal
